{
  "name": "@writetome51/table-data-service",
  "version": "1.0.0",
  "lockfileVersion": 1,
  "requires": true,
  "dependencies": {
    "@writetome51/array-and-index-validation": {
      "version": "1.0.3",
      "resolved": "https://registry.npmjs.org/@writetome51/array-and-index-validation/-/array-and-index-validation-1.0.3.tgz",
      "integrity": "sha512-l+SZ7APB/PVO1V3P20pQfG9jWKtIr06+aafur8sacuQbZEsrBmJ5DIrlK2Q58D8rM58Btvq5WvIs9s8SsDyXnQ==",
      "requires": {
        "basic-data-handling": "~1.0.13"
      }
    },
    "@writetome51/array-get-and-remove-adjacent-at": {
      "version": "1.0.3",
      "resolved": "https://registry.npmjs.org/@writetome51/array-get-and-remove-adjacent-at/-/array-get-and-remove-adjacent-at-1.0.3.tgz",
      "integrity": "sha512-EtTVxqd01l03DukMkjLyyBQEExrGhOVkdSmD4Is3fm2o/Kjbm/R8NxjKPTa1tVXSKIITdtkqR6r0YkZ6L/d2XQ==",
      "requires": {
        "@writetome51/array-and-index-validation": "~1.0.3"
      }
    },
    "@writetome51/array-get-and-remove-by-index": {
      "version": "1.0.2",
      "resolved": "https://registry.npmjs.org/@writetome51/array-get-and-remove-by-index/-/array-get-and-remove-by-index-1.0.2.tgz",
      "integrity": "sha512-vPR7ib97r5wntfcOl2WK/T/BhpTQtgNHRatIgKOffbtIwLB8hG2UcbWYbCwF/6y/Yoc7YachEl0hIX0ICN+A6A==",
      "requires": {
        "@writetome51/array-get-and-remove-adjacent-at": "~1.0.3"
      }
    },
    "@writetome51/array-get-indexes-basic": {
      "version": "1.0.7",
      "resolved": "https://registry.npmjs.org/@writetome51/array-get-indexes-basic/-/array-get-indexes-basic-1.0.7.tgz",
      "integrity": "sha512-0YKCrewndiO/VPLrf0ARsk0Hdg1/Asb6u/YZ0xjhkV2g5XOw5dum890uGTxVVi6rc51KRdS7oDs0mMcLTn+CAQ==",
      "requires": {
        "@writetome51/arrays-match": "~1.0.3",
        "basic-data-handling": "~1.0.13",
        "error-if-not-populated-array": "~1.0.0",
        "error-if-not-primitive-or-array": "~1.0.1",
        "error-if-values-are-not-arrays": "~1.0.2"
      }
    },
    "@writetome51/array-get-indexes-intermediate": {
      "version": "1.0.5",
      "resolved": "https://registry.npmjs.org/@writetome51/array-get-indexes-intermediate/-/array-get-indexes-intermediate-1.0.5.tgz",
      "integrity": "sha512-NNFi+67H8fSqHHIv5khrxIH3wyD2EL6qVEucmsEvIsWbdv1/T7UczzrP7duO1gink9Sm2n5j8PJnw0FYjjwcXQ==",
      "requires": {
        "@writetome51/array-get-indexes-basic": "~1.0.7",
        "@writetome51/arrays-match": "~1.0.4",
        "basic-data-handling": "~1.0.13",
        "error-if-not-primitive-or-array": "~1.0.1"
      }
    },
    "@writetome51/array-insert-at": {
      "version": "2.0.0",
      "resolved": "https://registry.npmjs.org/@writetome51/array-insert-at/-/array-insert-at-2.0.0.tgz",
      "integrity": "sha512-6WRmy6qHdcCeLYcRrcRs0vQQLRHEAimFOw7Fua68qAZtuHxBtztO2++8rC7PymbijOKaT9KYGkdpXPVBL6GnwA==",
      "requires": {
        "@writetome51/array-and-index-validation": "~1.0.2",
        "error-if-values-are-not-arrays": "~1.0.0"
      }
    },
    "@writetome51/arrays-match": {
      "version": "1.0.4",
      "resolved": "https://registry.npmjs.org/@writetome51/arrays-match/-/arrays-match-1.0.4.tgz",
      "integrity": "sha512-lGsKy0igy34c0gggD8KgusyavX+KhQwbEiJvT6VjZ0Wj7eWELFOqzc4qnH5uB0zCn7PdOwAjXQu9XWUabA9Jcg==",
      "requires": {
        "basic-data-handling": "~1.0.13",
        "error-if-values-are-not-arrays": "~1.0.2"
      }
    },
    "@writetome51/base-class": {
      "version": "0.0.2",
      "resolved": "https://registry.npmjs.org/@writetome51/base-class/-/base-class-0.0.2.tgz",
      "integrity": "sha512-ILp2+5S3nEo8tNrzrAesYibRQCrlWNW86GJlS/RDgK8LMXCSc6QYcKd6MCOM4r9zRwSfOUzMXG2eZWdy66WkIw=="
    },
    "basic-data-handling": {
      "version": "1.0.13",
      "resolved": "https://registry.npmjs.org/basic-data-handling/-/basic-data-handling-1.0.13.tgz",
      "integrity": "sha512-YRXUq0keESBb4XXzFAStPYJjviRx6CPPSzT/EfpMOLRfBrhnbBeKD2n+kfZyw2zvjreClf16xPF0tDjiLO+ogw=="
    },
    "error-if-not-populated-array": {
      "version": "1.0.1",
      "resolved": "https://registry.npmjs.org/error-if-not-populated-array/-/error-if-not-populated-array-1.0.1.tgz",
      "integrity": "sha512-XKN0WUVUNrDOsB1PuBRQJ4/tVOeFceioLm+QPOpCkQaZlD9vVYZf+pRrFIoiqzVno7bx7AI2lNIfMWf7gRarvg==",
      "requires": {
        "basic-data-handling": "~1.0.13"
      }
    },
    "error-if-not-primitive-or-array": {
      "version": "1.0.1",
      "resolved": "https://registry.npmjs.org/error-if-not-primitive-or-array/-/error-if-not-primitive-or-array-1.0.1.tgz",
      "integrity": "sha512-Ygj6CAR2z3x5VvaOrXIO0+wye4nysSW67jCDJ6LAMnyasgKleaDkF+xwg/lSk70i95RIiIa19CEVqx8CBdryOg==",
      "requires": {
        "basic-data-handling": "~1.0.13"
      }
    },
    "error-if-values-are-not-arrays": {
      "version": "1.0.2",
      "resolved": "https://registry.npmjs.org/error-if-values-are-not-arrays/-/error-if-values-are-not-arrays-1.0.2.tgz",
      "integrity": "sha512-HD4BW6LoQpF0aGVIW1UCsY8LLnB+19kGoYs2HaB8CcaBcGw0ed3XnwJTSb/sr8YqLFkhfFO5bsaFB8savUPKsw==",
      "requires": {
        "basic-data-handling": "~1.0.13"
      }
    },
    "typescript": {
      "version": "3.2.4",
      "resolved": "https://registry.npmjs.org/typescript/-/typescript-3.2.4.tgz",
      "integrity": "sha512-0RNDbSdEokBeEAkgNbxJ+BLwSManFy9TeXz8uW+48j/xhEXv1ePME60olyzw2XzUqUBNAYFeJadIqAgNqIACwg==",
      "dev": true
    }
  }
}
